schema: '2.0'
stages:
  bb_path:
    cmd: stages/00_bb_path.sh
    deps:
    - path: stages/00_bb_path.sh
      hash: md5
      md5: 50ed80f35613636dcece79c09edce392
      size: 784
    outs:
    - path: data-source/brick-manifest
      hash: md5
      md5: e6339cad00e61b04d411c380c5a5e2db
      size: 81
  rml:
    cmd: stages/01_rml.sh
    deps:
    - path: data-source/brick-manifest
      hash: md5
      md5: e6339cad00e61b04d411c380c5a5e2db
      size: 81
    - path: stages/01_rml.sh
      hash: md5
      md5: 7505592b21798dc600d9f0e61b8ada78
      size: 399
    - path: stages/ctdbase-udfs.py
      hash: md5
      md5: 9aa13d467aa7ca6ca94b283dea7e5c22
      size: 47
    - path: stages/ctdbase.ini
      hash: md5
      md5: f622c53601cf5b3b6f045678ee9160ef
      size: 165
    - path: stages/ctdbase.rml.ttl
      hash: md5
      md5: 33eb50621c04a4e17d38ff000ab6f702
      size: 5096
    outs:
    - path: raw
      hash: md5
      md5: d65ecd2c729ddd4b9b6d78cbe07503c5.dir
      size: 819510532
      nfiles: 1
  build:
    cmd: stages/02_build.sh
    deps:
    - path: raw
      hash: md5
      md5: d65ecd2c729ddd4b9b6d78cbe07503c5.dir
      size: 819510532
      nfiles: 1
    - path: stages/02_build.sh
      hash: md5
      md5: c1238e69781f72b3603bcb3e84b3f29f
      size: 411
    outs:
    - path: brick
      hash: md5
      md5: f02908ed81fe8ae7f109c44e64675353.dir
      size: 66264759
      nfiles: 2
